
Microsoft Visual Studio Solution File, Format Version 12.00
# Visual Studio 2012
Project("{FAE04EC0-301F-11D3-BF4B-00C04F79EFBC}") = "TerrariaServerAdmin", "TerrariaServerAdmin.csproj", "{8746486E-FCFA-42B7-BE2A-FF5F7E1AF339}"
EndProject
Global
	GlobalSection(SolutionConfigurationPlatforms) = preSolution
		Debug|Any CPU = Debug|Any CPU
		Release|Any CPU = Release|Any CPU
	EndGlobalSection
	GlobalSection(ProjectConfigurationPlatforms) = postSolution
		{8746486E-FCFA-42B7-BE2A-FF5F7E1AF339}.Debug|Any CPU.ActiveCfg = Debug|Any CPU
		{8746486E-FCFA-42B7-BE2A-FF5F7E1AF339}.Debug|Any CPU.Build.0 = Debug|Any CPU
		{8746486E-FCFA-42B7-BE2A-FF5F7E1AF339}.Release|Any CPU.ActiveCfg = Release|Any CPU
		{8746486E-FCFA-42B7-BE2A-FF5F7E1AF339}.Release|Any CPU.Build.0 = Release|Any CPU
	EndGlobalSection
	GlobalSection(SolutionProperties) = preSolution
		HideSolutionNode = FALSE
	EndGlobalSection
EndGlobal
